
Microsoft Visual Studio Solution File, Format Version 12.00
# Visual Studio 2013
VisualStudioVersion = 12.0.31101.0
MinimumVisualStudioVersion = 10.0.40219.1
Project("{FAE04EC0-301F-11D3-BF4B-00C04F79EFBC}") = "WebMVCPhongMach", "WebMVCPhongMach\WebMVCPhongMach.csproj", "{EF947295-C420-49A7-9BC2-8633C986ADBA}"
EndProject
Global
	GlobalSection(SolutionConfigurationPlatforms) = preSolution
		Debug|Any CPU = Debug|Any CPU
		Release|Any CPU = Release|Any CPU
	EndGlobalSection
	GlobalSection(ProjectConfigurationPlatforms) = postSolution
		{EF947295-C420-49A7-9BC2-8633C986ADBA}.Debug|Any CPU.ActiveCfg = Debug|Any CPU
		{EF947295-C420-49A7-9BC2-8633C986ADBA}.Debug|Any CPU.Build.0 = Debug|Any CPU
		{EF947295-C420-49A7-9BC2-8633C986ADBA}.Release|Any CPU.ActiveCfg = Release|Any CPU
		{EF947295-C420-49A7-9BC2-8633C986ADBA}.Release|Any CPU.Build.0 = Release|Any CPU
	EndGlobalSection
	GlobalSection(SolutionProperties) = preSolution
		HideSolutionNode = FALSE
	EndGlobalSection
EndGlobal
